github.com/dustin/go-humanize v0.0.0-20171111073723-bb3d318650d4/go.mod h1:HtrtbFcZ19U5GC7JDqmcUSB87Iq5E25KnS6fMYU6eOk=
github.com/fatih/structs v0.0.0-20180123065059-ebf56d35bba7/go.mod h1:9NiDSp5zOcgEDl+j00MP/WkGVPOlPRLejGD8Ga6PJ7M=
github.com/gosuri/uilive v0.0.0-20170323041506-ac356e6e42cd/go.mod h1:qkLSc0A5EXSP6B04TrN4oQoxqFI7A8XvoXSlJi8cwk8=
github.com/gosuri/uiprogress v0.0.0-20170224063937-d0567a9d84a1/go.mod h1:C1RTYn4Sc7iEyf6j8ft5dyoZ4212h8G1ol9QQluh5+0=
github.com/hetznercloud/hcloud-go v1.10.0/go.mod h1:g5pff0YNAZywQaivY/CmhUYFVp7oP0nu3MiODC2W4Hw=
github.com/inconshreveable/mousetrap v1.0.0/go.mod h1:PxqpIevigyE2G7u3NXJIT2ANytuPF1OarO4DADm73n8=
github.com/mattn/go-isatty v0.0.3/go.mod h1:M+lRXTBqGeGNdLjl/ufCoiOlB5xdOkqRJdNxMWT7Zi4=
github.com/pelletier/go-toml v1.1.0/go.mod h1:5z9KED0ma1S8pY6P1sdut58dfprrGBbd/94hg7ilaic=
github.com/spf13/cobra v0.0.0-20180412120829-615425954c3b/go.mod h1:1l0Ry5zgKvJasoi3XT1TypsSe7PqH0Sj9dhYf7v3XqQ=
github.com/spf13/pflag v1.0.1/go.mod h1:DYY7MBk1bdzusC3SYhjObp+wFpr4gzcvqqNjLnInEg4=
github.com/thcyron/uiprogress v0.0.0-20171218165853-25e98ffb0e98/go.mod h1:uuQQnEupm5tXsh0867uzOy2wlb7a35cilUIvd7r6amo=
golang.org/x/crypto v0.0.0-20180411161317-d6449816ce06/go.mod h1:6SG95UA2DQfeDnfUPMdvaQW0Q7yPrPDi9nlGo2tz2b4=
golang.org/x/sys v0.0.0-20180406135729-3b87a42e500a/go.mod h1:STP8DvDyc/dI5b8T5hshtkjS+E42TnysNCUPdjciGhY=
