# This file is autogenerated, do not edit; changes may be undone by the next 'dep ensure'.


[[projects]]
  branch = "master"
  name = "github.com/dustin/go-humanize"
  packages = ["."]
  revision = "bb3d318650d48840a39aa21a027c6630e198e626"

[[projects]]
  branch = "master"
  name = "github.com/gosuri/uilive"
  packages = ["."]
  revision = "ac356e6e42cd31fcef8e6aec13ae9ed6fe87713e"

[[projects]]
  branch = "master"
  name = "github.com/gosuri/uiprogress"
  packages = ["util/strutil"]
  revision = "d0567a9d84a1c40dd7568115ea66f4887bf57b33"

[[projects]]
  name = "github.com/hetznercloud/hcloud-go"
  packages = [
    "hcloud",
    "hcloud/schema"
  ]
  revision = "106f1796e380f4a5cb94a712f0ed5f4f14379acd"

[[projects]]
  name = "github.com/inconshreveable/mousetrap"
  packages = ["."]
  revision = "76626ae9c91c4f2a10f34cad8ce83ea42c93bb75"
  version = "v1.0"

[[projects]]
  name = "github.com/mattn/go-isatty"
  packages = ["."]
  revision = "0360b2af4f38e8d38c7fce2a9f4e702702d73a39"
  version = "v0.0.3"

[[projects]]
  name = "github.com/pelletier/go-toml"
  packages = ["."]
  revision = "acdc4509485b587f5e675510c4f2c63e90ff68a8"
  version = "v1.1.0"

[[projects]]
  branch = "master"
  name = "github.com/spf13/cobra"
  packages = ["."]
  revision = "615425954c3b0d9485a7027d4d451fdcdfdee84e"

[[projects]]
  name = "github.com/spf13/pflag"
  packages = ["."]
  revision = "583c0c0531f06d5278b7d917446061adc344b5cd"
  version = "v1.0.1"

[[projects]]
  branch = "master"
  name = "github.com/thcyron/uiprogress"
  packages = ["."]
  revision = "25e98ffb0e98b5192b475d8f2fd78083bfe9a67e"

[[projects]]
  branch = "master"
  name = "golang.org/x/crypto"
  packages = [
    "curve25519",
    "ed25519",
    "ed25519/internal/edwards25519",
    "internal/chacha20",
    "poly1305",
    "ssh",
    "ssh/terminal"
  ]
  revision = "d6449816ce06963d9d136eee5a56fca5b0616e7e"

[[projects]]
  branch = "master"
  name = "golang.org/x/sys"
  packages = [
    "unix",
    "windows"
  ]
  revision = "3b87a42e500a6dc65dae1a55d0b641295971163e"

[solve-meta]
  analyzer-name = "dep"
  analyzer-version = 1
  inputs-digest = "4becf798eeb0482cfee0478faf9eafd75b6a7049d7a2320ada957710e835997a"
  solver-name = "gps-cdcl"
  solver-version = 1
