# This file is autogenerated, do not edit; changes may be undone by the next 'dep ensure'.


[[projects]]
  branch = "master"
  name = "github.com/dustin/go-humanize"
  packages = ["."]
  revision = "bb3d318650d48840a39aa21a027c6630e198e626"

[[projects]]
  branch = "master"
  name = "github.com/gosuri/uilive"
  packages = ["."]
  revision = "ac356e6e42cd31fcef8e6aec13ae9ed6fe87713e"

[[projects]]
  branch = "master"
  name = "github.com/gosuri/uiprogress"
  packages = ["util/strutil"]
  revision = "d0567a9d84a1c40dd7568115ea66f4887bf57b33"

[[projects]]
  name = "github.com/hetznercloud/hcloud-go"
  packages = ["hcloud","hcloud/schema"]
  revision = "8ba5ecb6e802d98c3b7a65f755a240cbe79bebea"
  version = "v1.3.0"

[[projects]]
  name = "github.com/inconshreveable/mousetrap"
  packages = ["."]
  revision = "76626ae9c91c4f2a10f34cad8ce83ea42c93bb75"
  version = "v1.0"

[[projects]]
  name = "github.com/mattn/go-isatty"
  packages = ["."]
  revision = "0360b2af4f38e8d38c7fce2a9f4e702702d73a39"
  version = "v0.0.3"

[[projects]]
  name = "github.com/pelletier/go-toml"
  packages = ["."]
  revision = "16398bac157da96aa88f98a2df640c7f32af1da2"
  version = "v1.0.1"

[[projects]]
  branch = "master"
  name = "github.com/spf13/cobra"
  packages = ["."]
  revision = "b95ab734e27d33e0d8fbabf71ca990568d4e2020"

[[projects]]
  name = "github.com/spf13/pflag"
  packages = ["."]
  revision = "e57e3eeb33f795204c1ca35f56c44f83227c6e66"
  version = "v1.0.0"

[[projects]]
  branch = "master"
  name = "github.com/thcyron/uiprogress"
  packages = ["."]
  revision = "25e98ffb0e98b5192b475d8f2fd78083bfe9a67e"

[[projects]]
  branch = "master"
  name = "golang.org/x/crypto"
  packages = ["ssh/terminal"]
  revision = "5f55bce93ad2c89f411e009659bb1fd83da36e7b"

[[projects]]
  branch = "master"
  name = "golang.org/x/sys"
  packages = ["unix","windows"]
  revision = "810d7000345868fc619eb81f46307107118f4ae1"

[solve-meta]
  analyzer-name = "dep"
  analyzer-version = 1
  inputs-digest = "c95b457792397f664430d5126e60d6d34105e7dcd4df8cb69cfa95e774724be2"
  solver-name = "gps-cdcl"
  solver-version = 1
